
Microsoft Visual Studio Solution File, Format Version 12.00
# Visual Studio 15
VisualStudioVersion = 15.0.28010.2003
MinimumVisualStudioVersion = 10.0.40219.1
Project("{FAE04EC0-301F-11D3-BF4B-00C04F79EFBC}") = "WinFormClient", "WinFormClient\WinFormClient.csproj", "{49D26953-F2D8-47CB-9938-BF439275499D}"
EndProject
Global
	GlobalSection(SolutionConfigurationPlatforms) = preSolution
		Debug|Any CPU = Debug|Any CPU
		Release|Any CPU = Release|Any CPU
	EndGlobalSection
	GlobalSection(ProjectConfigurationPlatforms) = postSolution
		{49D26953-F2D8-47CB-9938-BF439275499D}.Debug|Any CPU.ActiveCfg = Debug|Any CPU
		{49D26953-F2D8-47CB-9938-BF439275499D}.Debug|Any CPU.Build.0 = Debug|Any CPU
		{49D26953-F2D8-47CB-9938-BF439275499D}.Release|Any CPU.ActiveCfg = Release|Any CPU
		{49D26953-F2D8-47CB-9938-BF439275499D}.Release|Any CPU.Build.0 = Release|Any CPU
	EndGlobalSection
	GlobalSection(SolutionProperties) = preSolution
		HideSolutionNode = FALSE
	EndGlobalSection
	GlobalSection(ExtensibilityGlobals) = postSolution
		SolutionGuid = {4E051D84-C195-4A1E-AC06-1297AE9614E7}
	EndGlobalSection
EndGlobal
